<?xml version="1.0" encoding="utf-8"?>
<Project ToolsVersion="4.0" xmlns="http://schemas.microsoft.com/developer/msbuild/2003">
  <ItemGroup>
    <Filter Include="Framework">
      <UniqueIdentifier>{4FC737F1-C7A5-4376-A066-2A32D752A2FF}</UniqueIdentifier>
      <Extensions>cpp;c;cc;cxx;c++;cppm;ixx;def;odl;idl;hpj;bat;asm;asmx</Extensions>
    </Filter>
    <Filter Include="Gameplay">
      <UniqueIdentifier>{11e2ee8e-4a7e-4a57-9532-2ffa944be5be}</UniqueIdentifier>
    </Filter>
    <Filter Include="Data">
      <UniqueIdentifier>{19b21f3d-70f9-4a9d-98e6-5708b6a826ef}</UniqueIdentifier>
    </Filter>
    <Filter Include="Data\Definitions">
      <UniqueIdentifier>{8731183c-4d9c-49eb-b91c-64fa10c96beb}</UniqueIdentifier>
    </Filter>
  </ItemGroup>
  <ItemGroup>
    <ClCompile Include="Main_Windows.cpp">
      <Filter>Framework</Filter>
    </ClCompile>
    <ClCompile Include="App.cpp">
      <Filter>Framework</Filter>
    </ClCompile>
    <ClCompile Include="GameCommon.cpp">
      <Filter>Framework</Filter>
    </ClCompile>
    <ClCompile Include="Game.cpp">
      <Filter>Framework</Filter>
    </ClCompile>
    <ClCompile Include="Entity.cpp">
      <Filter>Framework</Filter>
    </ClCompile>
    <ClCompile Include="Map.cpp">
      <Filter>Gameplay</Filter>
    </ClCompile>
    <ClCompile Include="PlayerTank.cpp">
      <Filter>Gameplay</Filter>
    </ClCompile>
    <ClCompile Include="Tile.cpp">
      <Filter>Gameplay</Filter>
    </ClCompile>
    <ClCompile Include="TileDefinition.cpp">
      <Filter>Gameplay</Filter>
    </ClCompile>
    <ClCompile Include="Scorpio.cpp">
      <Filter>Gameplay</Filter>
    </ClCompile>
    <ClCompile Include="Aries.cpp">
      <Filter>Gameplay</Filter>
    </ClCompile>
    <ClCompile Include="Bullet.cpp">
      <Filter>Gameplay</Filter>
    </ClCompile>
    <ClCompile Include="Leo.cpp">
      <Filter>Gameplay</Filter>
    </ClCompile>
  </ItemGroup>
  <ItemGroup>
    <ClInclude Include="GameCommon.hpp">
      <Filter>Framework</Filter>
    </ClInclude>
    <ClInclude Include="App.hpp">
      <Filter>Framework</Filter>
    </ClInclude>
    <ClInclude Include="Game.hpp">
      <Filter>Framework</Filter>
    </ClInclude>
    <ClInclude Include="Entity.hpp">
      <Filter>Framework</Filter>
    </ClInclude>
    <ClInclude Include="Map.hpp">
      <Filter>Gameplay</Filter>
    </ClInclude>
    <ClInclude Include="PlayerTank.hpp">
      <Filter>Gameplay</Filter>
    </ClInclude>
    <ClInclude Include="Tile.hpp">
      <Filter>Gameplay</Filter>
    </ClInclude>
    <ClInclude Include="EngineBuildPreferences.hpp">
      <Filter>Framework</Filter>
    </ClInclude>
    <ClInclude Include="TileDefinition.hpp">
      <Filter>Gameplay</Filter>
    </ClInclude>
    <ClInclude Include="Scorpio.hpp">
      <Filter>Gameplay</Filter>
    </ClInclude>
    <ClInclude Include="Aries.hpp">
      <Filter>Gameplay</Filter>
    </ClInclude>
    <ClInclude Include="Bullet.hpp">
      <Filter>Gameplay</Filter>
    </ClInclude>
    <ClInclude Include="Leo.hpp">
      <Filter>Gameplay</Filter>
    </ClInclude>
  </ItemGroup>
  <ItemGroup>
    <Xml Include="..\..\Run\Data\GameConfig.xml">
      <Filter>Data</Filter>
    </Xml>
    <Xml Include="..\..\Run\Data\Definitions\TileDefinitions.xml">
      <Filter>Data\Definitions</Filter>
    </Xml>
    <Xml Include="..\..\Run\Data\Definitions\MapDefinitions.xml">
      <Filter>Data\Definitions</Filter>
    </Xml>
  </ItemGroup>
</Project>